{
  "version": 4,
  "terraform_version": "1.9.8",
  "serial": 34,
  "lineage": "09445325-1a3f-7161-9d63-3271e35b41d5",
  "outputs": {},
  "resources": [
    {
      "mode": "managed",
      "type": "google_bigquery_dataset",
      "name": "EXT_S3_FILES",
      "provider": "provider[\"registry.terraform.io/hashicorp/google\"]",
      "instances": [
        {
          "schema_version": 0,
          "attributes": {
            "access": [
              {
                "condition": [],
                "dataset": [],
                "domain": "",
                "group_by_email": "",
                "iam_member": "",
                "role": "OWNER",
                "routine": [],
                "special_group": "",
                "user_by_email": "terraform-service-account@upstart-tech-test.iam.gserviceaccount.com",
                "view": []
              },
              {
                "condition": [],
                "dataset": [],
                "domain": "",
                "group_by_email": "",
                "iam_member": "",
                "role": "OWNER",
                "routine": [],
                "special_group": "projectOwners",
                "user_by_email": "",
                "view": []
              },
              {
                "condition": [],
                "dataset": [],
                "domain": "",
                "group_by_email": "",
                "iam_member": "",
                "role": "READER",
                "routine": [],
                "special_group": "projectReaders",
                "user_by_email": "",
                "view": []
              },
              {
                "condition": [],
                "dataset": [],
                "domain": "",
                "group_by_email": "",
                "iam_member": "",
                "role": "WRITER",
                "routine": [],
                "special_group": "projectWriters",
                "user_by_email": "",
                "view": []
              }
            ],
            "creation_time": 1742848006801,
            "dataset_id": "EXT_S3_FILES",
            "default_collation": "",
            "default_encryption_configuration": [],
            "default_partition_expiration_ms": 0,
            "default_table_expiration_ms": 0,
            "delete_contents_on_destroy": false,
            "description": "dataset to store the external tables created using the files from gcs",
            "effective_labels": {
              "goog-terraform-provisioned": "true"
            },
            "etag": "sxFFDOdUI+UT4LEAGIUYzw==",
            "external_dataset_reference": [],
            "friendly_name": "EXT_S3_FILES",
            "id": "projects/upstart-tech-test/datasets/EXT_S3_FILES",
            "is_case_insensitive": false,
            "labels": {},
            "last_modified_time": 1742848006801,
            "location": "US",
            "max_time_travel_hours": "168",
            "project": "upstart-tech-test",
            "resource_tags": {},
            "self_link": "https://bigquery.googleapis.com/bigquery/v2/projects/upstart-tech-test/datasets/EXT_S3_FILES",
            "storage_billing_model": "",
            "terraform_labels": {
              "goog-terraform-provisioned": "true"
            },
            "timeouts": null
          },
          "sensitive_attributes": [],
          "private": "eyJlMmJmYjczMC1lY2FhLTExZTYtOGY4OC0zNDM2M2JjN2M0YzAiOnsiY3JlYXRlIjoxMjAwMDAwMDAwMDAwLCJkZWxldGUiOjEyMDAwMDAwMDAwMDAsInVwZGF0ZSI6MTIwMDAwMDAwMDAwMH19"
        }
      ]
    },
    {
      "mode": "managed",
      "type": "google_bigquery_table",
      "name": "external_products_table",
      "provider": "provider[\"registry.terraform.io/hashicorp/google\"]",
      "instances": [
        {
          "schema_version": 0,
          "attributes": {
            "biglake_configuration": [],
            "clustering": null,
            "creation_time": 1742851570494,
            "dataset_id": "EXT_S3_FILES",
            "deletion_protection": true,
            "description": "",
            "effective_labels": {
              "goog-terraform-provisioned": "true"
            },
            "encryption_configuration": [],
            "etag": "jaFvMrHWI/b0LoR7MvSWDQ==",
            "expiration_time": 0,
            "external_data_configuration": [
              {
                "autodetect": false,
                "avro_options": [],
                "bigtable_options": [],
                "compression": "NONE",
                "connection_id": "",
                "csv_options": [
                  {
                    "allow_jagged_rows": false,
                    "allow_quoted_newlines": false,
                    "encoding": "UTF-8",
                    "field_delimiter": ",",
                    "quote": "\"",
                    "skip_leading_rows": 1
                  }
                ],
                "file_set_spec_type": "",
                "google_sheets_options": [],
                "hive_partitioning_options": [],
                "ignore_unknown_values": false,
                "json_extension": "",
                "json_options": [],
                "max_bad_records": 0,
                "metadata_cache_mode": "",
                "object_metadata": "",
                "parquet_options": [],
                "reference_file_schema_uri": "",
                "schema": "[\n  {\n    \"name\": \"ProductID\",\n    \"type\": \"STRING\",\n    \"mode\": \"NULLABLE\"\n  },\n  {\n    \"name\": \"ProductDesc\",\n    \"type\": \"STRING\",\n    \"mode\": \"NULLABLE\"\n  },\n  {\n    \"name\": \"ProductNumber\",\n    \"type\": \"STRING\",\n    \"mode\": \"NULLABLE\"\n  },\n  {\n    \"name\": \"MakeFlag\",\n    \"type\": \"STRING\",\n    \"mode\": \"NULLABLE\"\n  },\n  {\n    \"name\": \"Color\",\n    \"type\": \"STRING\",\n    \"mode\": \"NULLABLE\"\n  },\n  {\n    \"name\": \"SafetyStockLevel\",\n    \"type\": \"STRING\",\n    \"mode\": \"NULLABLE\"\n  },\n  {\n    \"name\": \"ReorderPoint\",\n    \"type\": \"STRING\",\n    \"mode\": \"NULLABLE\"\n  },\n  {\n    \"name\": \"StandardCost\",\n    \"type\": \"STRING\",\n    \"mode\": \"NULLABLE\"\n  },\n  {\n    \"name\": \"ListPrice\",\n    \"type\": \"STRING\",\n    \"mode\": \"NULLABLE\"\n  },\n  {\n    \"name\": \"Size\",\n    \"type\": \"STRING\",\n    \"mode\": \"NULLABLE\"\n  },\n  {\n    \"name\": \"SizeUnitMeasureCode\",\n    \"type\": \"STRING\",\n    \"mode\": \"NULLABLE\"\n  },\n  {\n    \"name\": \"Weight\",\n    \"type\": \"STRING\",\n    \"mode\": \"NULLABLE\"\n  },\n  {\n    \"name\": \"WeightUnitMeasureCode\",\n    \"type\": \"STRING\",\n    \"mode\": \"NULLABLE\"\n  },\n  {\n    \"name\": \"ProductCategoryName\",\n    \"type\": \"STRING\",\n    \"mode\": \"NULLABLE\"\n  },\n  {\n    \"name\": \"ProductSubCategoryName\",\n    \"type\": \"STRING\",\n    \"mode\": \"NULLABLE\"\n  }\n]\n",
                "source_format": "CSV",
                "source_uris": [
                  "gs://s3-external-files-bucket/external_data/products-1-.csv"
                ]
              }
            ],
            "friendly_name": "",
            "id": "projects/upstart-tech-test/datasets/EXT_S3_FILES/tables/src_products",
            "labels": null,
            "last_modified_time": 1742851570533,
            "location": "US",
            "materialized_view": [],
            "max_staleness": "",
            "num_bytes": 0,
            "num_long_term_bytes": 0,
            "num_rows": 0,
            "project": "upstart-tech-test",
            "range_partitioning": [],
            "require_partition_filter": false,
            "resource_tags": null,
            "schema": "[{\"mode\":\"NULLABLE\",\"name\":\"ProductID\",\"type\":\"STRING\"},{\"mode\":\"NULLABLE\",\"name\":\"ProductDesc\",\"type\":\"STRING\"},{\"mode\":\"NULLABLE\",\"name\":\"ProductNumber\",\"type\":\"STRING\"},{\"mode\":\"NULLABLE\",\"name\":\"MakeFlag\",\"type\":\"STRING\"},{\"mode\":\"NULLABLE\",\"name\":\"Color\",\"type\":\"STRING\"},{\"mode\":\"NULLABLE\",\"name\":\"SafetyStockLevel\",\"type\":\"STRING\"},{\"mode\":\"NULLABLE\",\"name\":\"ReorderPoint\",\"type\":\"STRING\"},{\"mode\":\"NULLABLE\",\"name\":\"StandardCost\",\"type\":\"STRING\"},{\"mode\":\"NULLABLE\",\"name\":\"ListPrice\",\"type\":\"STRING\"},{\"mode\":\"NULLABLE\",\"name\":\"Size\",\"type\":\"STRING\"},{\"mode\":\"NULLABLE\",\"name\":\"SizeUnitMeasureCode\",\"type\":\"STRING\"},{\"mode\":\"NULLABLE\",\"name\":\"Weight\",\"type\":\"STRING\"},{\"mode\":\"NULLABLE\",\"name\":\"WeightUnitMeasureCode\",\"type\":\"STRING\"},{\"mode\":\"NULLABLE\",\"name\":\"ProductCategoryName\",\"type\":\"STRING\"},{\"mode\":\"NULLABLE\",\"name\":\"ProductSubCategoryName\",\"type\":\"STRING\"}]",
            "self_link": "https://bigquery.googleapis.com/bigquery/v2/projects/upstart-tech-test/datasets/EXT_S3_FILES/tables/src_products",
            "table_constraints": [],
            "table_id": "src_products",
            "table_metadata_view": null,
            "table_replication_info": [],
            "terraform_labels": {
              "goog-terraform-provisioned": "true"
            },
            "time_partitioning": [],
            "type": "EXTERNAL",
            "view": []
          },
          "sensitive_attributes": [],
          "private": "bnVsbA==",
          "dependencies": [
            "google_bigquery_dataset.EXT_S3_FILES",
            "google_storage_bucket.s3_files_bucket"
          ]
        }
      ]
    },
    {
      "mode": "managed",
      "type": "google_bigquery_table",
      "name": "external_sales_order_detail_table",
      "provider": "provider[\"registry.terraform.io/hashicorp/google\"]",
      "instances": [
        {
          "schema_version": 0,
          "attributes": {
            "biglake_configuration": [],
            "clustering": null,
            "creation_time": 1742851570503,
            "dataset_id": "EXT_S3_FILES",
            "deletion_protection": true,
            "description": "",
            "effective_labels": {
              "goog-terraform-provisioned": "true"
            },
            "encryption_configuration": [],
            "etag": "R9HMwMCttzsMkWX8u/+CSQ==",
            "expiration_time": 0,
            "external_data_configuration": [
              {
                "autodetect": false,
                "avro_options": [],
                "bigtable_options": [],
                "compression": "NONE",
                "connection_id": "",
                "csv_options": [
                  {
                    "allow_jagged_rows": false,
                    "allow_quoted_newlines": false,
                    "encoding": "UTF-8",
                    "field_delimiter": ",",
                    "quote": "\"",
                    "skip_leading_rows": 1
                  }
                ],
                "file_set_spec_type": "",
                "google_sheets_options": [],
                "hive_partitioning_options": [],
                "ignore_unknown_values": false,
                "json_extension": "",
                "json_options": [],
                "max_bad_records": 0,
                "metadata_cache_mode": "",
                "object_metadata": "",
                "parquet_options": [],
                "reference_file_schema_uri": "",
                "schema": "[\n  {\n    \"name\": \"SalesOrderID\",\n    \"type\": \"STRING\",\n    \"mode\": \"NULLABLE\"\n  },\n  {\n    \"name\": \"SalesOrderDetailID\",\n    \"type\": \"STRING\",\n    \"mode\": \"NULLABLE\"\n  },\n  {\n    \"name\": \"OrderQty\",\n    \"type\": \"STRING\",\n    \"mode\": \"NULLABLE\"\n  },\n  {\n    \"name\": \"ProductID\",\n    \"type\": \"STRING\",\n    \"mode\": \"NULLABLE\"\n  },\n  {\n    \"name\": \"UnitPrice\",\n    \"type\": \"STRING\",\n    \"mode\": \"NULLABLE\"\n  },\n  {\n    \"name\": \"UnitPriceDiscount\",\n    \"type\": \"STRING\",\n    \"mode\": \"NULLABLE\"\n  }\n]\n",
                "source_format": "CSV",
                "source_uris": [
                  "gs://s3-external-files-bucket/external_data/sales-order-detail-1-.csv"
                ]
              }
            ],
            "friendly_name": "",
            "id": "projects/upstart-tech-test/datasets/EXT_S3_FILES/tables/src_sales_order_detail",
            "labels": null,
            "last_modified_time": 1742851570543,
            "location": "US",
            "materialized_view": [],
            "max_staleness": "",
            "num_bytes": 0,
            "num_long_term_bytes": 0,
            "num_rows": 0,
            "project": "upstart-tech-test",
            "range_partitioning": [],
            "require_partition_filter": false,
            "resource_tags": null,
            "schema": "[{\"mode\":\"NULLABLE\",\"name\":\"SalesOrderID\",\"type\":\"STRING\"},{\"mode\":\"NULLABLE\",\"name\":\"SalesOrderDetailID\",\"type\":\"STRING\"},{\"mode\":\"NULLABLE\",\"name\":\"OrderQty\",\"type\":\"STRING\"},{\"mode\":\"NULLABLE\",\"name\":\"ProductID\",\"type\":\"STRING\"},{\"mode\":\"NULLABLE\",\"name\":\"UnitPrice\",\"type\":\"STRING\"},{\"mode\":\"NULLABLE\",\"name\":\"UnitPriceDiscount\",\"type\":\"STRING\"}]",
            "self_link": "https://bigquery.googleapis.com/bigquery/v2/projects/upstart-tech-test/datasets/EXT_S3_FILES/tables/src_sales_order_detail",
            "table_constraints": [],
            "table_id": "src_sales_order_detail",
            "table_metadata_view": null,
            "table_replication_info": [],
            "terraform_labels": {
              "goog-terraform-provisioned": "true"
            },
            "time_partitioning": [],
            "type": "EXTERNAL",
            "view": []
          },
          "sensitive_attributes": [],
          "private": "bnVsbA==",
          "dependencies": [
            "google_bigquery_dataset.EXT_S3_FILES",
            "google_storage_bucket.s3_files_bucket"
          ]
        }
      ]
    },
    {
      "mode": "managed",
      "type": "google_bigquery_table",
      "name": "external_sales_order_header_table",
      "provider": "provider[\"registry.terraform.io/hashicorp/google\"]",
      "instances": [
        {
          "schema_version": 0,
          "attributes": {
            "biglake_configuration": [],
            "clustering": null,
            "creation_time": 1742851570499,
            "dataset_id": "EXT_S3_FILES",
            "deletion_protection": true,
            "description": "",
            "effective_labels": {
              "goog-terraform-provisioned": "true"
            },
            "encryption_configuration": [],
            "etag": "7yDq67G46Ka4Gr4pfvp7Ig==",
            "expiration_time": 0,
            "external_data_configuration": [
              {
                "autodetect": false,
                "avro_options": [],
                "bigtable_options": [],
                "compression": "NONE",
                "connection_id": "",
                "csv_options": [
                  {
                    "allow_jagged_rows": false,
                    "allow_quoted_newlines": false,
                    "encoding": "UTF-8",
                    "field_delimiter": ",",
                    "quote": "\"",
                    "skip_leading_rows": 1
                  }
                ],
                "file_set_spec_type": "",
                "google_sheets_options": [],
                "hive_partitioning_options": [],
                "ignore_unknown_values": false,
                "json_extension": "",
                "json_options": [],
                "max_bad_records": 0,
                "metadata_cache_mode": "",
                "object_metadata": "",
                "parquet_options": [],
                "reference_file_schema_uri": "",
                "schema": "[\n  {\n    \"name\": \"SalesOrderID\",\n    \"type\": \"STRING\",\n    \"mode\": \"NULLABLE\"\n  },\n  {\n    \"name\": \"OrderDate\",\n    \"type\": \"STRING\",\n    \"mode\": \"NULLABLE\"\n  },\n  {\n    \"name\": \"ShipDate\",\n    \"type\": \"STRING\",\n    \"mode\": \"NULLABLE\"\n  },\n  {\n    \"name\": \"OnlineOrderFlag\",\n    \"type\": \"STRING\",\n    \"mode\": \"NULLABLE\"\n  },\n  {\n    \"name\": \"AccountNumber\",\n    \"type\": \"STRING\",\n    \"mode\": \"NULLABLE\"\n  },\n  {\n    \"name\": \"CustomerID\",\n    \"type\": \"STRING\",\n    \"mode\": \"NULLABLE\"\n  },\n  {\n    \"name\": \"SalesPersonID\",\n    \"type\": \"STRING\",\n    \"mode\": \"NULLABLE\"\n  },\n  {\n    \"name\": \"Freight\",\n    \"type\": \"STRING\",\n    \"mode\": \"NULLABLE\"\n  }\n]\n",
                "source_format": "CSV",
                "source_uris": [
                  "gs://s3-external-files-bucket/external_data/sales-order-header-1-.csv"
                ]
              }
            ],
            "friendly_name": "",
            "id": "projects/upstart-tech-test/datasets/EXT_S3_FILES/tables/src_sales_order_header",
            "labels": null,
            "last_modified_time": 1742851570533,
            "location": "US",
            "materialized_view": [],
            "max_staleness": "",
            "num_bytes": 0,
            "num_long_term_bytes": 0,
            "num_rows": 0,
            "project": "upstart-tech-test",
            "range_partitioning": [],
            "require_partition_filter": false,
            "resource_tags": null,
            "schema": "[{\"mode\":\"NULLABLE\",\"name\":\"SalesOrderID\",\"type\":\"STRING\"},{\"mode\":\"NULLABLE\",\"name\":\"OrderDate\",\"type\":\"STRING\"},{\"mode\":\"NULLABLE\",\"name\":\"ShipDate\",\"type\":\"STRING\"},{\"mode\":\"NULLABLE\",\"name\":\"OnlineOrderFlag\",\"type\":\"STRING\"},{\"mode\":\"NULLABLE\",\"name\":\"AccountNumber\",\"type\":\"STRING\"},{\"mode\":\"NULLABLE\",\"name\":\"CustomerID\",\"type\":\"STRING\"},{\"mode\":\"NULLABLE\",\"name\":\"SalesPersonID\",\"type\":\"STRING\"},{\"mode\":\"NULLABLE\",\"name\":\"Freight\",\"type\":\"STRING\"}]",
            "self_link": "https://bigquery.googleapis.com/bigquery/v2/projects/upstart-tech-test/datasets/EXT_S3_FILES/tables/src_sales_order_header",
            "table_constraints": [],
            "table_id": "src_sales_order_header",
            "table_metadata_view": null,
            "table_replication_info": [],
            "terraform_labels": {
              "goog-terraform-provisioned": "true"
            },
            "time_partitioning": [],
            "type": "EXTERNAL",
            "view": []
          },
          "sensitive_attributes": [],
          "private": "bnVsbA==",
          "dependencies": [
            "google_bigquery_dataset.EXT_S3_FILES",
            "google_storage_bucket.s3_files_bucket"
          ]
        }
      ]
    },
    {
      "mode": "managed",
      "type": "google_storage_bucket",
      "name": "s3_files_bucket",
      "provider": "provider[\"registry.terraform.io/hashicorp/google\"]",
      "instances": [
        {
          "schema_version": 3,
          "attributes": {
            "autoclass": [],
            "cors": [],
            "custom_placement_config": [],
            "default_event_based_hold": false,
            "effective_labels": {
              "goog-terraform-provisioned": "true"
            },
            "enable_object_retention": false,
            "encryption": [],
            "force_destroy": false,
            "hierarchical_namespace": [
              {
                "enabled": false
              }
            ],
            "id": "s3-external-files-bucket",
            "labels": {},
            "lifecycle_rule": [],
            "location": "US",
            "logging": [],
            "name": "s3-external-files-bucket",
            "project": "upstart-tech-test",
            "project_number": 445430120933,
            "public_access_prevention": "inherited",
            "requester_pays": false,
            "retention_policy": [],
            "rpo": "DEFAULT",
            "self_link": "https://www.googleapis.com/storage/v1/b/s3-external-files-bucket",
            "soft_delete_policy": [
              {
                "effective_time": "2025-03-24T20:28:24.229Z",
                "retention_duration_seconds": 604800
              }
            ],
            "storage_class": "STANDARD",
            "terraform_labels": {
              "goog-terraform-provisioned": "true"
            },
            "timeouts": null,
            "uniform_bucket_level_access": false,
            "url": "gs://s3-external-files-bucket",
            "versioning": [],
            "website": []
          },
          "sensitive_attributes": [],
          "private": "eyJlMmJmYjczMC1lY2FhLTExZTYtOGY4OC0zNDM2M2JjN2M0YzAiOnsiY3JlYXRlIjo2MDAwMDAwMDAwMDAsInJlYWQiOjI0MDAwMDAwMDAwMCwidXBkYXRlIjoyNDAwMDAwMDAwMDB9LCJzY2hlbWFfdmVyc2lvbiI6IjMifQ=="
        }
      ]
    }
  ],
  "check_results": null
}
